{
  "requires": true,
  "lockfileVersion": 1,
  "dependencies": {
    "@dannywillems/ocaml-bls12-381": {
      "version": "3.0.1",
      "resolved": "https://gitlab.com/api/v4/projects/16568061/packages/npm/@dannywillems/ocaml-bls12-381/-/@dannywillems/ocaml-bls12-381-3.0.1.tgz",
      "integrity": "sha1-p9V04XVhBlFU3Guad1a9XXh38Fc="
    },
    "@nomadic-labs/secp256k1wasm": {
      "version": "1.1.1",
      "resolved": "https://gitlab.com/api/v4/projects/25020679/packages/npm/@nomadic-labs/secp256k1wasm/-/@nomadic-labs/secp256k1wasm-1.1.1.tgz",
      "integrity": "sha1-ikSz2c46FuqxM+fMynpClNHGB7Y="
    },
    "hacl-wasm": {
      "version": "1.1.0",
      "resolved": "https://registry.npmjs.org/hacl-wasm/-/hacl-wasm-1.1.0.tgz",
      "integrity": "sha512-HizzJxCJrn9lMRWGgc8HyzpZGSfJ+5oER18L9ZRi/TmSw5FJRa8s2r1B+I8Iw/RX6mNkQzGYXWF/NX+1U6oKUQ=="
    }
  }
}
