{
  "name": "tezos",
  "lockfileVersion": 3,
  "requires": true,
  "packages": {
    "node_modules/kaitai-struct": {
      "version": "0.10.0",
      "resolved": "https://registry.npmjs.org/kaitai-struct/-/kaitai-struct-0.10.0.tgz",
      "integrity": "sha512-81oxVi/OY+LrzgrONX7ciD1wtvq24nb2M9iYixRiQG+1hrDrDRqFVWuQzF1fUexh3Sg/ol6eMAz1MOVYFouzUg=="
    }
  }
}
