{
  "name": "tezos",
  "lockfileVersion": 2,
  "requires": true,
  "packages": {
    "": {
      "license": "n/a",
      "dependencies": {
        "@nomadic-labs/ocaml-bls12-381": ">=6.1.0 <6.2.0",
        "@nomadic-labs/secp256k1-wasm": ">=0.4.0",
        "hacl-wasm": ">=1.2.0 <1.3.0"
      }
    },
    "node_modules/@nomadic-labs/ocaml-bls12-381": {
      "version": "6.1.0",
      "resolved": "https://gitlab.com/api/v4/projects/39407453/packages/npm/@nomadic-labs/ocaml-bls12-381/-/@nomadic-labs/ocaml-bls12-381-6.1.0.tgz",
      "integrity": "sha1-XtQzkRjvDFxnjaCPSaFtC1jkOeA="
    },
    "node_modules/@nomadic-labs/secp256k1-wasm": {
      "version": "0.4.0",
      "resolved": "https://gitlab.com/api/v4/projects/17524462/packages/npm/@nomadic-labs/secp256k1-wasm/-/@nomadic-labs/secp256k1-wasm-0.4.0.tgz",
      "integrity": "sha1-Ll5cmCToW/dc1T/gVseEMHR1reY="
    },
    "node_modules/hacl-wasm": {
      "version": "1.2.0",
      "resolved": "https://registry.npmjs.org/hacl-wasm/-/hacl-wasm-1.2.0.tgz",
      "integrity": "sha512-owsYimZZsDFcmEQ2uOQbRb5saIABgNk/RPG8t4wpe36B+FYPlGYMootllJ2wd1RfvjrkQVywsS/eVXK4fvwFbw=="
    }
  },
  "dependencies": {
    "@nomadic-labs/ocaml-bls12-381": {
      "version": "6.1.0",
      "resolved": "https://gitlab.com/api/v4/projects/39407453/packages/npm/@nomadic-labs/ocaml-bls12-381/-/@nomadic-labs/ocaml-bls12-381-6.1.0.tgz",
      "integrity": "sha1-XtQzkRjvDFxnjaCPSaFtC1jkOeA="
    },
    "@nomadic-labs/secp256k1-wasm": {
      "version": "0.4.0",
      "resolved": "https://gitlab.com/api/v4/projects/17524462/packages/npm/@nomadic-labs/secp256k1-wasm/-/@nomadic-labs/secp256k1-wasm-0.4.0.tgz",
      "integrity": "sha1-Ll5cmCToW/dc1T/gVseEMHR1reY="
    },
    "hacl-wasm": {
      "version": "1.2.0",
      "resolved": "https://registry.npmjs.org/hacl-wasm/-/hacl-wasm-1.2.0.tgz",
      "integrity": "sha512-owsYimZZsDFcmEQ2uOQbRb5saIABgNk/RPG8t4wpe36B+FYPlGYMootllJ2wd1RfvjrkQVywsS/eVXK4fvwFbw=="
    }
  }
}
