{
  "requires": true,
  "lockfileVersion": 1,
  "dependencies": {
    "hacl-wasm": {
      "version": "1.1.0",
      "resolved": "https://registry.npmjs.org/hacl-wasm/-/hacl-wasm-1.1.0.tgz",
      "integrity": "sha512-HizzJxCJrn9lMRWGgc8HyzpZGSfJ+5oER18L9ZRi/TmSw5FJRa8s2r1B+I8Iw/RX6mNkQzGYXWF/NX+1U6oKUQ=="
    }
  }
}
