{
  "name": "monitoring",
  "version": "1.0.0",
  "lockfileVersion": 3,
  "requires": true,
  "packages": {
    "": {
      "name": "monitoring",
      "version": "1.0.0",
      "license": "ISC",
      "dependencies": {
        "@datadog/datadog-ci": "^5.13.1"
      }
    },
    "node_modules/@datadog/datadog-ci": {
      "version": "5.13.1",
      "resolved": "https://registry.npmjs.org/@datadog/datadog-ci/-/datadog-ci-5.13.1.tgz",
      "integrity": "sha512-m6HMnQl3Yyk9jOt6nxkeNJecQiphNTOWtxX7TF69ey7b0rDL1Da2AhtaBrrdNf3XJPsgvZwDVQzhtOzkNw+uNw==",
      "license": "Apache-2.0",
      "bin": {
        "datadog-ci": "dist/bundle.js"
      },
      "engines": {
        "node": ">=20"
      }
    }
  }
}
